{
  "object": {
    "pins": [
      {
        "package": "TweakPane",
        "repositoryURL": "https://github.com/antranapp/TweakPane",
        "state": {
          "branch": "master",
          "revision": "d9627f8b172d4ae10213c2d8718b128bd67ea322",
          "version": null
        }
      }
    ]
  },
  "version": 1
}
